
Microsoft Visual Studio Solution File, Format Version 12.00
# Visual Studio Version 17
VisualStudioVersion = 17.8.34309.116
MinimumVisualStudioVersion = 10.0.40219.1
Project("{FAE04EC0-301F-11D3-BF4B-00C04F79EFBC}") = "SSR with Global and Individual", "SSR with Global and Individual.csproj", "{0A892465-BF85-42DE-81CF-E18E98DCC3E0}"
EndProject
Global
	GlobalSection(SolutionConfigurationPlatforms) = preSolution
		Debug|Any CPU = Debug|Any CPU
		Release|Any CPU = Release|Any CPU
	EndGlobalSection
	GlobalSection(ProjectConfigurationPlatforms) = postSolution
		{0A892465-BF85-42DE-81CF-E18E98DCC3E0}.Debug|Any CPU.ActiveCfg = Debug|Any CPU
		{0A892465-BF85-42DE-81CF-E18E98DCC3E0}.Debug|Any CPU.Build.0 = Debug|Any CPU
		{0A892465-BF85-42DE-81CF-E18E98DCC3E0}.Release|Any CPU.ActiveCfg = Release|Any CPU
		{0A892465-BF85-42DE-81CF-E18E98DCC3E0}.Release|Any CPU.Build.0 = Release|Any CPU
	EndGlobalSection
	GlobalSection(SolutionProperties) = preSolution
		HideSolutionNode = FALSE
	EndGlobalSection
	GlobalSection(ExtensibilityGlobals) = postSolution
		SolutionGuid = {D831E664-BBB4-41C2-8D57-872AF8F97DDD}
	EndGlobalSection
EndGlobal
