
Microsoft Visual Studio Solution File, Format Version 12.00
# Visual Studio Version 17
VisualStudioVersion = 17.8.34309.116
MinimumVisualStudioVersion = 10.0.40219.1
Project("{FAE04EC0-301F-11D3-BF4B-00C04F79EFBC}") = "WASM with Per Page and None", "WASM with Per Page and None\WASM with Per Page and None.csproj", "{ABF8A075-59C3-446A-AFF3-18F2558871B4}"
EndProject
Project("{FAE04EC0-301F-11D3-BF4B-00C04F79EFBC}") = "WASM with Per Page and None.Client", "WASM with Per Page and None.Client\WASM with Per Page and None.Client.csproj", "{DDD3449B-750C-4673-A02A-CB2C73090461}"
EndProject
Global
	GlobalSection(SolutionConfigurationPlatforms) = preSolution
		Debug|Any CPU = Debug|Any CPU
		Release|Any CPU = Release|Any CPU
	EndGlobalSection
	GlobalSection(ProjectConfigurationPlatforms) = postSolution
		{ABF8A075-59C3-446A-AFF3-18F2558871B4}.Debug|Any CPU.ActiveCfg = Debug|Any CPU
		{ABF8A075-59C3-446A-AFF3-18F2558871B4}.Debug|Any CPU.Build.0 = Debug|Any CPU
		{ABF8A075-59C3-446A-AFF3-18F2558871B4}.Release|Any CPU.ActiveCfg = Release|Any CPU
		{ABF8A075-59C3-446A-AFF3-18F2558871B4}.Release|Any CPU.Build.0 = Release|Any CPU
		{DDD3449B-750C-4673-A02A-CB2C73090461}.Debug|Any CPU.ActiveCfg = Debug|Any CPU
		{DDD3449B-750C-4673-A02A-CB2C73090461}.Debug|Any CPU.Build.0 = Debug|Any CPU
		{DDD3449B-750C-4673-A02A-CB2C73090461}.Release|Any CPU.ActiveCfg = Release|Any CPU
		{DDD3449B-750C-4673-A02A-CB2C73090461}.Release|Any CPU.Build.0 = Release|Any CPU
	EndGlobalSection
	GlobalSection(SolutionProperties) = preSolution
		HideSolutionNode = FALSE
	EndGlobalSection
	GlobalSection(ExtensibilityGlobals) = postSolution
		SolutionGuid = {8B47FE99-281D-46FF-A2E6-5BAD0A1B9D75}
	EndGlobalSection
EndGlobal
