
Microsoft Visual Studio Solution File, Format Version 12.00
# Visual Studio Version 17
VisualStudioVersion = 17.8.34309.116
MinimumVisualStudioVersion = 10.0.40219.1
Project("{9A19103F-16F7-4668-BE54-9A1E7A4F7556}") = "WASM_with_Global_and_Individual", "WASM with Global and Individual\WASM_with_Global_and_Individual.csproj", "{CC81DC43-A204-41F3-93E8-698274F2671C}"
EndProject
Project("{9A19103F-16F7-4668-BE54-9A1E7A4F7556}") = "WASM_with_Global_and_Individual.Client", "WASM with Global and Individual.Client\WASM_with_Global_and_Individual.Client.csproj", "{A8B31A41-E5A5-4BAC-831E-897945D5B204}"
EndProject
Global
	GlobalSection(SolutionConfigurationPlatforms) = preSolution
		Debug|Any CPU = Debug|Any CPU
		Release|Any CPU = Release|Any CPU
	EndGlobalSection
	GlobalSection(ProjectConfigurationPlatforms) = postSolution
		{CC81DC43-A204-41F3-93E8-698274F2671C}.Debug|Any CPU.ActiveCfg = Debug|Any CPU
		{CC81DC43-A204-41F3-93E8-698274F2671C}.Debug|Any CPU.Build.0 = Debug|Any CPU
		{CC81DC43-A204-41F3-93E8-698274F2671C}.Release|Any CPU.ActiveCfg = Release|Any CPU
		{CC81DC43-A204-41F3-93E8-698274F2671C}.Release|Any CPU.Build.0 = Release|Any CPU
		{A8B31A41-E5A5-4BAC-831E-897945D5B204}.Debug|Any CPU.ActiveCfg = Debug|Any CPU
		{A8B31A41-E5A5-4BAC-831E-897945D5B204}.Debug|Any CPU.Build.0 = Debug|Any CPU
		{A8B31A41-E5A5-4BAC-831E-897945D5B204}.Release|Any CPU.ActiveCfg = Release|Any CPU
		{A8B31A41-E5A5-4BAC-831E-897945D5B204}.Release|Any CPU.Build.0 = Release|Any CPU
	EndGlobalSection
	GlobalSection(SolutionProperties) = preSolution
		HideSolutionNode = FALSE
	EndGlobalSection
	GlobalSection(ExtensibilityGlobals) = postSolution
		SolutionGuid = {5824D030-F0C0-4607-B493-06E5C1EC5ECF}
	EndGlobalSection
EndGlobal
